{
  "name": "godot-warcraft3",
  "version": "0.1.0",
  "lockfileVersion": 3,
  "requires": true,
  "packages": {
    "": {
      "name": "godot-warcraft3",
      "version": "0.1.0",
      "workspaces": [
        "tools/asset-convert",
        "tools/lib",
        "tools/map-parse",
        "tools/mpq-extract",
        "tools/slk-export"
      ],
      "engines": {
        "node": ">=18"
      }
    },
    "node_modules/asset-convert": {
      "resolved": "tools/asset-convert",
      "link": true
    },
    "node_modules/map-parse": {
      "resolved": "tools/map-parse",
      "link": true
    },
    "node_modules/mpq-extract": {
      "resolved": "tools/mpq-extract",
      "link": true
    },
    "node_modules/slk-export": {
      "resolved": "tools/slk-export",
      "link": true
    },
    "tools/asset-convert": {
      "version": "1.0.0",
      "dependencies": {
        "@gltf-transform/core": "^4.4.1",
        "minimatch": "^10.0.1",
        "pngjs": "^7.0.0",
        "war3-model": "^4.0.1"
      },
      "engines": {
        "node": ">=18"
      }
    },
    "tools/asset-convert/node_modules/@gltf-transform/core": {
      "version": "4.4.1",
      "license": "MIT",
      "dependencies": {
        "property-graph": "^4.1.0"
      },
      "funding": {
        "url": "https://github.com/sponsors/donmccurdy"
      }
    },
    "tools/asset-convert/node_modules/balanced-match": {
      "version": "4.0.4",
      "license": "MIT",
      "engines": {
        "node": "18 || 20 || >=22"
      }
    },
    "tools/asset-convert/node_modules/brace-expansion": {
      "version": "5.0.7",
      "license": "MIT",
      "dependencies": {
        "balanced-match": "^4.0.2"
      },
      "engines": {
        "node": "18 || 20 || >=22"
      }
    },
    "tools/asset-convert/node_modules/gl-matrix": {
      "version": "3.3.0",
      "license": "MIT"
    },
    "tools/asset-convert/node_modules/minimatch": {
      "version": "10.2.5",
      "license": "BlueOak-1.0.0",
      "dependencies": {
        "brace-expansion": "^5.0.5"
      },
      "engines": {
        "node": "18 || 20 || >=22"
      },
      "funding": {
        "url": "https://github.com/sponsors/isaacs"
      }
    },
    "tools/asset-convert/node_modules/pngjs": {
      "version": "7.0.0",
      "license": "MIT",
      "engines": {
        "node": ">=14.19.0"
      }
    },
    "tools/asset-convert/node_modules/property-graph": {
      "version": "4.1.0",
      "license": "MIT"
    },
    "tools/asset-convert/node_modules/war3-model": {
      "version": "4.0.1",
      "license": "MIT",
      "dependencies": {
        "gl-matrix": "3.3.0"
      },
      "engines": {
        "node": ">=4.0.0"
      }
    },
    "tools/map-parse": {
      "version": "1.0.0",
      "engines": {
        "node": ">=18"
      }
    },
    "tools/mpq-extract": {
      "version": "1.0.0",
      "hasInstallScript": true,
      "dependencies": {
        "koffi": "^2.11.0",
        "minimatch": "^10.0.1"
      },
      "engines": {
        "node": ">=18"
      }
    },
    "tools/mpq-extract/node_modules/balanced-match": {
      "version": "4.0.4",
      "license": "MIT",
      "engines": {
        "node": "18 || 20 || >=22"
      }
    },
    "tools/mpq-extract/node_modules/brace-expansion": {
      "version": "5.0.7",
      "license": "MIT",
      "dependencies": {
        "balanced-match": "^4.0.2"
      },
      "engines": {
        "node": "18 || 20 || >=22"
      }
    },
    "tools/mpq-extract/node_modules/koffi": {
      "version": "2.16.2",
      "hasInstallScript": true,
      "license": "MIT",
      "funding": {
        "url": "https://liberapay.com/Koromix"
      }
    },
    "tools/mpq-extract/node_modules/minimatch": {
      "version": "10.2.5",
      "license": "BlueOak-1.0.0",
      "dependencies": {
        "brace-expansion": "^5.0.5"
      },
      "engines": {
        "node": "18 || 20 || >=22"
      },
      "funding": {
        "url": "https://github.com/sponsors/isaacs"
      }
    },
    "tools/slk-export": {
      "version": "1.0.0",
      "dependencies": {
        "minimatch": "^10.0.1"
      },
      "engines": {
        "node": ">=18"
      }
    },
    "tools/slk-export/node_modules/balanced-match": {
      "version": "4.0.4",
      "license": "MIT",
      "engines": {
        "node": "18 || 20 || >=22"
      }
    },
    "tools/slk-export/node_modules/brace-expansion": {
      "version": "5.0.7",
      "license": "MIT",
      "dependencies": {
        "balanced-match": "^4.0.2"
      },
      "engines": {
        "node": "18 || 20 || >=22"
      }
    },
    "tools/slk-export/node_modules/minimatch": {
      "version": "10.2.5",
      "license": "BlueOak-1.0.0",
      "dependencies": {
        "brace-expansion": "^5.0.5"
      },
      "engines": {
        "node": "18 || 20 || >=22"
      },
      "funding": {
        "url": "https://github.com/sponsors/isaacs"
      }
    }
  }
}
